
Microsoft Visual Studio Solution File, Format Version 12.00
# Visual Studio Version 16
VisualStudioVersion = 16.0.31205.134
MinimumVisualStudioVersion = 10.0.40219.1
Project("{FAE04EC0-301F-11D3-BF4B-00C04F79EFBC}") = "作業", "0703\作業.csproj", "{1BD60473-27D3-4AFD-A432-D9261D1C2682}"
EndProject
Global
	GlobalSection(SolutionConfigurationPlatforms) = preSolution
		Debug|Any CPU = Debug|Any CPU
		Release|Any CPU = Release|Any CPU
	EndGlobalSection
	GlobalSection(ProjectConfigurationPlatforms) = postSolution
		{1BD60473-27D3-4AFD-A432-D9261D1C2682}.Debug|Any CPU.ActiveCfg = Debug|Any CPU
		{1BD60473-27D3-4AFD-A432-D9261D1C2682}.Debug|Any CPU.Build.0 = Debug|Any CPU
		{1BD60473-27D3-4AFD-A432-D9261D1C2682}.Release|Any CPU.ActiveCfg = Release|Any CPU
		{1BD60473-27D3-4AFD-A432-D9261D1C2682}.Release|Any CPU.Build.0 = Release|Any CPU
	EndGlobalSection
	GlobalSection(SolutionProperties) = preSolution
		HideSolutionNode = FALSE
	EndGlobalSection
	GlobalSection(ExtensibilityGlobals) = postSolution
		SolutionGuid = {453CDB6F-01A9-480F-A73D-31501A5DA20D}
	EndGlobalSection
EndGlobal
